
Microsoft Visual Studio Solution File, Format Version 12.00
# Visual Studio 15
VisualStudioVersion = 15.0.27004.2010
MinimumVisualStudioVersion = 10.0.40219.1
Project("{9A19103F-16F7-4668-BE54-9A1E7A4F7556}") = "Applicanty.Data", "Applicanty.Data\Applicanty.Data.csproj", "{B4DE117E-723B-4262-A04A-77E8DC6B2C1C}"
EndProject
Project("{9A19103F-16F7-4668-BE54-9A1E7A4F7556}") = "Applicanty.API", "Applicanty.API\Applicanty.API.csproj", "{0705BB08-CFE1-4E84-9ECC-B0984675B901}"
EndProject
Project("{9A19103F-16F7-4668-BE54-9A1E7A4F7556}") = "Applicanty.Core", "Applicanty.Core\Applicanty.Core.csproj", "{5CE2097C-FCEB-417C-ACBE-DE268E09614E}"
EndProject
Project("{9A19103F-16F7-4668-BE54-9A1E7A4F7556}") = "Applicanty.Services", "Applicanty.Service\Applicanty.Services.csproj", "{FB923540-F9CE-4810-8045-3B47349494CF}"
EndProject
Global
	GlobalSection(SolutionConfigurationPlatforms) = preSolution
		Debug|Any CPU = Debug|Any CPU
		Release|Any CPU = Release|Any CPU
	EndGlobalSection
	GlobalSection(ProjectConfigurationPlatforms) = postSolution
		{B4DE117E-723B-4262-A04A-77E8DC6B2C1C}.Debug|Any CPU.ActiveCfg = Debug|Any CPU
		{B4DE117E-723B-4262-A04A-77E8DC6B2C1C}.Debug|Any CPU.Build.0 = Debug|Any CPU
		{B4DE117E-723B-4262-A04A-77E8DC6B2C1C}.Release|Any CPU.ActiveCfg = Release|Any CPU
		{B4DE117E-723B-4262-A04A-77E8DC6B2C1C}.Release|Any CPU.Build.0 = Release|Any CPU
		{0705BB08-CFE1-4E84-9ECC-B0984675B901}.Debug|Any CPU.ActiveCfg = Debug|Any CPU
		{0705BB08-CFE1-4E84-9ECC-B0984675B901}.Debug|Any CPU.Build.0 = Debug|Any CPU
		{0705BB08-CFE1-4E84-9ECC-B0984675B901}.Release|Any CPU.ActiveCfg = Release|Any CPU
		{0705BB08-CFE1-4E84-9ECC-B0984675B901}.Release|Any CPU.Build.0 = Release|Any CPU
		{5CE2097C-FCEB-417C-ACBE-DE268E09614E}.Debug|Any CPU.ActiveCfg = Debug|Any CPU
		{5CE2097C-FCEB-417C-ACBE-DE268E09614E}.Debug|Any CPU.Build.0 = Debug|Any CPU
		{5CE2097C-FCEB-417C-ACBE-DE268E09614E}.Release|Any CPU.ActiveCfg = Release|Any CPU
		{5CE2097C-FCEB-417C-ACBE-DE268E09614E}.Release|Any CPU.Build.0 = Release|Any CPU
		{FB923540-F9CE-4810-8045-3B47349494CF}.Debug|Any CPU.ActiveCfg = Debug|Any CPU
		{FB923540-F9CE-4810-8045-3B47349494CF}.Debug|Any CPU.Build.0 = Debug|Any CPU
		{FB923540-F9CE-4810-8045-3B47349494CF}.Release|Any CPU.ActiveCfg = Release|Any CPU
		{FB923540-F9CE-4810-8045-3B47349494CF}.Release|Any CPU.Build.0 = Release|Any CPU
	EndGlobalSection
	GlobalSection(SolutionProperties) = preSolution
		HideSolutionNode = FALSE
	EndGlobalSection
	GlobalSection(ExtensibilityGlobals) = postSolution
		SolutionGuid = {85393341-0794-470C-BE77-7E3BFC6F6577}
	EndGlobalSection
EndGlobal
