
Microsoft Visual Studio Solution File, Format Version 12.00
# Visual Studio 15
VisualStudioVersion = 15.0.27004.2010
MinimumVisualStudioVersion = 10.0.40219.1
Project("{9A19103F-16F7-4668-BE54-9A1E7A4F7556}") = "Applicant", "Applicant\Applicant.csproj", "{CCF73724-943C-43EB-9B9D-1735265B64F8}"
EndProject
Project("{FAE04EC0-301F-11D3-BF4B-00C04F79EFBC}") = "Applicant.Model", "Applicant.Model\Applicant.Model.csproj", "{2E20E16E-D5C7-4E49-8CCE-450BE14A23D2}"
EndProject
Global
	GlobalSection(SolutionConfigurationPlatforms) = preSolution
		Debug|Any CPU = Debug|Any CPU
		Release|Any CPU = Release|Any CPU
	EndGlobalSection
	GlobalSection(ProjectConfigurationPlatforms) = postSolution
		{CCF73724-943C-43EB-9B9D-1735265B64F8}.Debug|Any CPU.ActiveCfg = Debug|Any CPU
		{CCF73724-943C-43EB-9B9D-1735265B64F8}.Debug|Any CPU.Build.0 = Debug|Any CPU
		{CCF73724-943C-43EB-9B9D-1735265B64F8}.Release|Any CPU.ActiveCfg = Release|Any CPU
		{CCF73724-943C-43EB-9B9D-1735265B64F8}.Release|Any CPU.Build.0 = Release|Any CPU
		{2E20E16E-D5C7-4E49-8CCE-450BE14A23D2}.Debug|Any CPU.ActiveCfg = Debug|Any CPU
		{2E20E16E-D5C7-4E49-8CCE-450BE14A23D2}.Debug|Any CPU.Build.0 = Debug|Any CPU
		{2E20E16E-D5C7-4E49-8CCE-450BE14A23D2}.Release|Any CPU.ActiveCfg = Release|Any CPU
		{2E20E16E-D5C7-4E49-8CCE-450BE14A23D2}.Release|Any CPU.Build.0 = Release|Any CPU
	EndGlobalSection
	GlobalSection(SolutionProperties) = preSolution
		HideSolutionNode = FALSE
	EndGlobalSection
	GlobalSection(ExtensibilityGlobals) = postSolution
		SolutionGuid = {85393341-0794-470C-BE77-7E3BFC6F6577}
	EndGlobalSection
EndGlobal
